
Microsoft Visual Studio Solution File, Format Version 12.00
# Visual Studio Version 17
VisualStudioVersion = 17.5.002.0
MinimumVisualStudioVersion = 10.0.40219.1
Project("{9A19103F-16F7-4668-BE54-9A1E7A4F7556}") = "KaTa", "KaTa.csproj", "{1EAA6BA9-6DC1-4582-B828-6F5CCA822160}"
EndProject
Global
	GlobalSection(SolutionConfigurationPlatforms) = preSolution
		Debug|Any CPU = Debug|Any CPU
		Release|Any CPU = Release|Any CPU
	EndGlobalSection
	GlobalSection(ProjectConfigurationPlatforms) = postSolution
		{1EAA6BA9-6DC1-4582-B828-6F5CCA822160}.Debug|Any CPU.ActiveCfg = Debug|Any CPU
		{1EAA6BA9-6DC1-4582-B828-6F5CCA822160}.Debug|Any CPU.Build.0 = Debug|Any CPU
		{1EAA6BA9-6DC1-4582-B828-6F5CCA822160}.Release|Any CPU.ActiveCfg = Release|Any CPU
		{1EAA6BA9-6DC1-4582-B828-6F5CCA822160}.Release|Any CPU.Build.0 = Release|Any CPU
	EndGlobalSection
	GlobalSection(SolutionProperties) = preSolution
		HideSolutionNode = FALSE
	EndGlobalSection
	GlobalSection(ExtensibilityGlobals) = postSolution
		SolutionGuid = {87373325-BD89-4284-8B6B-53048A03CF66}
	EndGlobalSection
EndGlobal
